
Microsoft Visual Studio Solution File, Format Version 12.00
# Visual Studio Version 16
VisualStudioVersion = 16.0.29709.97
MinimumVisualStudioVersion = 10.0.40219.1
Project("{FAE04EC0-301F-11D3-BF4B-00C04F79EFBC}") = "HotelReservations", "HotelReservations\HotelReservations.csproj", "{C0EBCFDC-8A4C-4208-8638-41B8BCA6E200}"
EndProject
Project("{FAE04EC0-301F-11D3-BF4B-00C04F79EFBC}") = "HotelReservations.UnitTests", "HotelReservations.UnitTests\HotelReservations.UnitTests.csproj", "{ADA8E48B-903D-4B33-A300-3353A49F9C55}"
EndProject
Global
	GlobalSection(SolutionConfigurationPlatforms) = preSolution
		Debug|Any CPU = Debug|Any CPU
		Release|Any CPU = Release|Any CPU
	EndGlobalSection
	GlobalSection(ProjectConfigurationPlatforms) = postSolution
		{C0EBCFDC-8A4C-4208-8638-41B8BCA6E200}.Debug|Any CPU.ActiveCfg = Debug|Any CPU
		{C0EBCFDC-8A4C-4208-8638-41B8BCA6E200}.Debug|Any CPU.Build.0 = Debug|Any CPU
		{C0EBCFDC-8A4C-4208-8638-41B8BCA6E200}.Release|Any CPU.ActiveCfg = Release|Any CPU
		{C0EBCFDC-8A4C-4208-8638-41B8BCA6E200}.Release|Any CPU.Build.0 = Release|Any CPU
		{ADA8E48B-903D-4B33-A300-3353A49F9C55}.Debug|Any CPU.ActiveCfg = Debug|Any CPU
		{ADA8E48B-903D-4B33-A300-3353A49F9C55}.Debug|Any CPU.Build.0 = Debug|Any CPU
		{ADA8E48B-903D-4B33-A300-3353A49F9C55}.Release|Any CPU.ActiveCfg = Release|Any CPU
		{ADA8E48B-903D-4B33-A300-3353A49F9C55}.Release|Any CPU.Build.0 = Release|Any CPU
	EndGlobalSection
	GlobalSection(SolutionProperties) = preSolution
		HideSolutionNode = FALSE
	EndGlobalSection
	GlobalSection(ExtensibilityGlobals) = postSolution
		SolutionGuid = {CB110CE7-EA27-4204-82FB-164F645B644D}
	EndGlobalSection
EndGlobal
